
Microsoft Visual Studio Solution File, Format Version 12.00
# Visual Studio Version 17
VisualStudioVersion = 17.9.34622.214
MinimumVisualStudioVersion = 10.0.40219.1
Project("{FAE04EC0-301F-11D3-BF4B-00C04F79EFBC}") = "Izpitvana8Mart", "Izpitvana8Mart\Izpitvana8Mart.csproj", "{ED57D990-FB95-49AA-A0D2-6C9EFD5F7C95}"
EndProject
Global
	GlobalSection(SolutionConfigurationPlatforms) = preSolution
		Debug|Any CPU = Debug|Any CPU
		Release|Any CPU = Release|Any CPU
	EndGlobalSection
	GlobalSection(ProjectConfigurationPlatforms) = postSolution
		{ED57D990-FB95-49AA-A0D2-6C9EFD5F7C95}.Debug|Any CPU.ActiveCfg = Debug|Any CPU
		{ED57D990-FB95-49AA-A0D2-6C9EFD5F7C95}.Debug|Any CPU.Build.0 = Debug|Any CPU
		{ED57D990-FB95-49AA-A0D2-6C9EFD5F7C95}.Release|Any CPU.ActiveCfg = Release|Any CPU
		{ED57D990-FB95-49AA-A0D2-6C9EFD5F7C95}.Release|Any CPU.Build.0 = Release|Any CPU
	EndGlobalSection
	GlobalSection(SolutionProperties) = preSolution
		HideSolutionNode = FALSE
	EndGlobalSection
	GlobalSection(ExtensibilityGlobals) = postSolution
		SolutionGuid = {8767B102-70E1-43BF-B32A-463C90C95313}
	EndGlobalSection
EndGlobal
